
Microsoft Visual Studio Solution File, Format Version 12.00
# Visual Studio Version 16
VisualStudioVersion = 16.0.29009.5
MinimumVisualStudioVersion = 10.0.40219.1
Project("{FAE04EC0-301F-11D3-BF4B-00C04F79EFBC}") = "TimeXv2", "TimeXv2\TimeXv2.csproj", "{8996730E-AA5E-42CC-B147-BC89CC94E34D}"
EndProject
Global
	GlobalSection(SolutionConfigurationPlatforms) = preSolution
		Debug|Any CPU = Debug|Any CPU
		Release|Any CPU = Release|Any CPU
	EndGlobalSection
	GlobalSection(ProjectConfigurationPlatforms) = postSolution
		{8996730E-AA5E-42CC-B147-BC89CC94E34D}.Debug|Any CPU.ActiveCfg = Debug|Any CPU
		{8996730E-AA5E-42CC-B147-BC89CC94E34D}.Debug|Any CPU.Build.0 = Debug|Any CPU
		{8996730E-AA5E-42CC-B147-BC89CC94E34D}.Release|Any CPU.ActiveCfg = Release|Any CPU
		{8996730E-AA5E-42CC-B147-BC89CC94E34D}.Release|Any CPU.Build.0 = Release|Any CPU
	EndGlobalSection
	GlobalSection(SolutionProperties) = preSolution
		HideSolutionNode = FALSE
	EndGlobalSection
	GlobalSection(ExtensibilityGlobals) = postSolution
		SolutionGuid = {EBF43340-84B4-421C-AEFF-9B691127AA84}
	EndGlobalSection
EndGlobal
