
Microsoft Visual Studio Solution File, Format Version 12.00
# Visual Studio 15
VisualStudioVersion = 15.0.28307.438
MinimumVisualStudioVersion = 10.0.40219.1
Project("{FAE04EC0-301F-11D3-BF4B-00C04F79EFBC}") = "TimeX", "TimeX\TimeX.csproj", "{18DF5A60-46A4-4F8E-B5E4-D024B6A735ED}"
EndProject
Project("{FAE04EC0-301F-11D3-BF4B-00C04F79EFBC}") = "TimeXv2", "TimeXv2\TimeXv2.csproj", "{8996730E-AA5E-42CC-B147-BC89CC94E34D}"
EndProject
Global
	GlobalSection(SolutionConfigurationPlatforms) = preSolution
		Debug|Any CPU = Debug|Any CPU
		Release|Any CPU = Release|Any CPU
	EndGlobalSection
	GlobalSection(ProjectConfigurationPlatforms) = postSolution
		{18DF5A60-46A4-4F8E-B5E4-D024B6A735ED}.Debug|Any CPU.ActiveCfg = Debug|Any CPU
		{18DF5A60-46A4-4F8E-B5E4-D024B6A735ED}.Debug|Any CPU.Build.0 = Debug|Any CPU
		{18DF5A60-46A4-4F8E-B5E4-D024B6A735ED}.Release|Any CPU.ActiveCfg = Release|Any CPU
		{18DF5A60-46A4-4F8E-B5E4-D024B6A735ED}.Release|Any CPU.Build.0 = Release|Any CPU
		{8996730E-AA5E-42CC-B147-BC89CC94E34D}.Debug|Any CPU.ActiveCfg = Debug|Any CPU
		{8996730E-AA5E-42CC-B147-BC89CC94E34D}.Debug|Any CPU.Build.0 = Debug|Any CPU
		{8996730E-AA5E-42CC-B147-BC89CC94E34D}.Release|Any CPU.ActiveCfg = Release|Any CPU
		{8996730E-AA5E-42CC-B147-BC89CC94E34D}.Release|Any CPU.Build.0 = Release|Any CPU
	EndGlobalSection
	GlobalSection(SolutionProperties) = preSolution
		HideSolutionNode = FALSE
	EndGlobalSection
	GlobalSection(ExtensibilityGlobals) = postSolution
		SolutionGuid = {EBF43340-84B4-421C-AEFF-9B691127AA84}
	EndGlobalSection
EndGlobal
